
Microsoft Visual Studio Solution File, Format Version 12.00
# Visual Studio Version 16
VisualStudioVersion = 16.0.29519.181
MinimumVisualStudioVersion = 10.0.40219.1
Project("{FAE04EC0-301F-11D3-BF4B-00C04F79EFBC}") = "YSMS_SZSK.UI", "YSMS_SZSK\YSMS_SZSK.UI.csproj", "{EDEF30FE-713D-40B5-BE53-B6974BB3AC84}"
EndProject
Project("{FAE04EC0-301F-11D3-BF4B-00C04F79EFBC}") = "YSMS_SZSK.Utils", "YSMS_SZSK.Utils\YSMS_SZSK.Utils.csproj", "{53928078-7B84-4C1B-A8CC-50D074B06861}"
EndProject
Project("{FAE04EC0-301F-11D3-BF4B-00C04F79EFBC}") = "YSMS_SZSK.HalconAlgorithm", "YSMS_SZSK.HalconAlgorithm\YSMS_SZSK.HalconAlgorithm.csproj", "{6E49334C-A41B-4FDE-9C2B-1A81EAE8C48D}"
EndProject
Project("{FAE04EC0-301F-11D3-BF4B-00C04F79EFBC}") = "YSMS.DataManage", "YSMS.DataManage\YSMS.DataManage.csproj", "{2AFC2BAC-191A-49FF-9622-C153CBD600CE}"
EndProject
Global
	GlobalSection(SolutionConfigurationPlatforms) = preSolution
		Debug|Any CPU = Debug|Any CPU
		Debug|x64 = Debug|x64
		Release|Any CPU = Release|Any CPU
		Release|x64 = Release|x64
	EndGlobalSection
	GlobalSection(ProjectConfigurationPlatforms) = postSolution
		{EDEF30FE-713D-40B5-BE53-B6974BB3AC84}.Debug|Any CPU.ActiveCfg = Debug|Any CPU
		{EDEF30FE-713D-40B5-BE53-B6974BB3AC84}.Debug|Any CPU.Build.0 = Debug|Any CPU
		{EDEF30FE-713D-40B5-BE53-B6974BB3AC84}.Debug|x64.ActiveCfg = Debug|Any CPU
		{EDEF30FE-713D-40B5-BE53-B6974BB3AC84}.Debug|x64.Build.0 = Debug|Any CPU
		{EDEF30FE-713D-40B5-BE53-B6974BB3AC84}.Release|Any CPU.ActiveCfg = Release|Any CPU
		{EDEF30FE-713D-40B5-BE53-B6974BB3AC84}.Release|Any CPU.Build.0 = Release|Any CPU
		{EDEF30FE-713D-40B5-BE53-B6974BB3AC84}.Release|x64.ActiveCfg = Release|Any CPU
		{EDEF30FE-713D-40B5-BE53-B6974BB3AC84}.Release|x64.Build.0 = Release|Any CPU
		{53928078-7B84-4C1B-A8CC-50D074B06861}.Debug|Any CPU.ActiveCfg = Debug|Any CPU
		{53928078-7B84-4C1B-A8CC-50D074B06861}.Debug|Any CPU.Build.0 = Debug|Any CPU
		{53928078-7B84-4C1B-A8CC-50D074B06861}.Debug|x64.ActiveCfg = Debug|Any CPU
		{53928078-7B84-4C1B-A8CC-50D074B06861}.Debug|x64.Build.0 = Debug|Any CPU
		{53928078-7B84-4C1B-A8CC-50D074B06861}.Release|Any CPU.ActiveCfg = Release|Any CPU
		{53928078-7B84-4C1B-A8CC-50D074B06861}.Release|Any CPU.Build.0 = Release|Any CPU
		{53928078-7B84-4C1B-A8CC-50D074B06861}.Release|x64.ActiveCfg = Release|Any CPU
		{53928078-7B84-4C1B-A8CC-50D074B06861}.Release|x64.Build.0 = Release|Any CPU
		{6E49334C-A41B-4FDE-9C2B-1A81EAE8C48D}.Debug|Any CPU.ActiveCfg = Debug|Any CPU
		{6E49334C-A41B-4FDE-9C2B-1A81EAE8C48D}.Debug|Any CPU.Build.0 = Debug|Any CPU
		{6E49334C-A41B-4FDE-9C2B-1A81EAE8C48D}.Debug|x64.ActiveCfg = Debug|Any CPU
		{6E49334C-A41B-4FDE-9C2B-1A81EAE8C48D}.Debug|x64.Build.0 = Debug|Any CPU
		{6E49334C-A41B-4FDE-9C2B-1A81EAE8C48D}.Release|Any CPU.ActiveCfg = Release|Any CPU
		{6E49334C-A41B-4FDE-9C2B-1A81EAE8C48D}.Release|Any CPU.Build.0 = Release|Any CPU
		{6E49334C-A41B-4FDE-9C2B-1A81EAE8C48D}.Release|x64.ActiveCfg = Release|Any CPU
		{6E49334C-A41B-4FDE-9C2B-1A81EAE8C48D}.Release|x64.Build.0 = Release|Any CPU
		{2AFC2BAC-191A-49FF-9622-C153CBD600CE}.Debug|Any CPU.ActiveCfg = Debug|Any CPU
		{2AFC2BAC-191A-49FF-9622-C153CBD600CE}.Debug|Any CPU.Build.0 = Debug|Any CPU
		{2AFC2BAC-191A-49FF-9622-C153CBD600CE}.Debug|x64.ActiveCfg = Debug|x64
		{2AFC2BAC-191A-49FF-9622-C153CBD600CE}.Debug|x64.Build.0 = Debug|x64
		{2AFC2BAC-191A-49FF-9622-C153CBD600CE}.Release|Any CPU.ActiveCfg = Release|Any CPU
		{2AFC2BAC-191A-49FF-9622-C153CBD600CE}.Release|Any CPU.Build.0 = Release|Any CPU
		{2AFC2BAC-191A-49FF-9622-C153CBD600CE}.Release|x64.ActiveCfg = Release|x64
		{2AFC2BAC-191A-49FF-9622-C153CBD600CE}.Release|x64.Build.0 = Release|x64
	EndGlobalSection
	GlobalSection(SolutionProperties) = preSolution
		HideSolutionNode = FALSE
	EndGlobalSection
	GlobalSection(ExtensibilityGlobals) = postSolution
		SolutionGuid = {96561E1E-91F4-4EAA-90A5-94E8FA73D40E}
	EndGlobalSection
EndGlobal
